
Microsoft Visual Studio Solution File, Format Version 12.00
# Visual Studio Version 16
VisualStudioVersion = 25.0.1706.9
MinimumVisualStudioVersion = 10.0.40219.1
Project("{FAE04EC0-301F-11D3-BF4B-00C04F79EFBC}") = "DPGI", "DPGI.csproj", "{16C2540C-47F4-4E0B-A134-33683D8926C7}"
EndProject
Global
	GlobalSection(SolutionConfigurationPlatforms) = preSolution
		Debug|Any CPU = Debug|Any CPU
		Release|Any CPU = Release|Any CPU
	EndGlobalSection
	GlobalSection(ProjectConfigurationPlatforms) = postSolution
		{16C2540C-47F4-4E0B-A134-33683D8926C7}.Debug|Any CPU.ActiveCfg = Debug|Any CPU
		{16C2540C-47F4-4E0B-A134-33683D8926C7}.Debug|Any CPU.Build.0 = Debug|Any CPU
		{16C2540C-47F4-4E0B-A134-33683D8926C7}.Release|Any CPU.ActiveCfg = Release|Any CPU
		{16C2540C-47F4-4E0B-A134-33683D8926C7}.Release|Any CPU.Build.0 = Release|Any CPU
	EndGlobalSection
	GlobalSection(SolutionProperties) = preSolution
		HideSolutionNode = FALSE
	EndGlobalSection
	GlobalSection(ExtensibilityGlobals) = postSolution
		SolutionGuid = {757E6ED4-FAA7-482B-9C66-BF86243BD05C}
	EndGlobalSection
EndGlobal
